
Microsoft Visual Studio Solution File, Format Version 12.00
# Visual Studio Version 17
VisualStudioVersion = 17.13.35825.156
MinimumVisualStudioVersion = 10.0.40219.1
Project("{FAE04EC0-301F-11D3-BF4B-00C04F79EFBC}") = "CasualValheim", "CasualValheim.csproj", "{BC207652-0CBC-4F1B-87EC-5D3D220ADB39}"
EndProject
Global
	GlobalSection(SolutionConfigurationPlatforms) = preSolution
		Debug|Any CPU = Debug|Any CPU
		DeployDebug|Any CPU = DeployDebug|Any CPU
		DeployRelease|Any CPU = DeployRelease|Any CPU
		Release|Any CPU = Release|Any CPU
	EndGlobalSection
	GlobalSection(ProjectConfigurationPlatforms) = postSolution
		{BC207652-0CBC-4F1B-87EC-5D3D220ADB39}.Debug|Any CPU.ActiveCfg = Debug|Any CPU
		{BC207652-0CBC-4F1B-87EC-5D3D220ADB39}.Debug|Any CPU.Build.0 = Debug|Any CPU
		{BC207652-0CBC-4F1B-87EC-5D3D220ADB39}.DeployDebug|Any CPU.ActiveCfg = DeployDebug|Any CPU
		{BC207652-0CBC-4F1B-87EC-5D3D220ADB39}.DeployDebug|Any CPU.Build.0 = DeployDebug|Any CPU
		{BC207652-0CBC-4F1B-87EC-5D3D220ADB39}.DeployRelease|Any CPU.ActiveCfg = DeployRelease|Any CPU
		{BC207652-0CBC-4F1B-87EC-5D3D220ADB39}.DeployRelease|Any CPU.Build.0 = DeployRelease|Any CPU
		{BC207652-0CBC-4F1B-87EC-5D3D220ADB39}.Release|Any CPU.ActiveCfg = Release|Any CPU
		{BC207652-0CBC-4F1B-87EC-5D3D220ADB39}.Release|Any CPU.Build.0 = Release|Any CPU
	EndGlobalSection
	GlobalSection(SolutionProperties) = preSolution
		HideSolutionNode = FALSE
	EndGlobalSection
	GlobalSection(ExtensibilityGlobals) = postSolution
		SolutionGuid = {181977DB-9E22-4D3A-BB82-6921F2E0A4E9}
	EndGlobalSection
EndGlobal
